PATH
  remote: .
  specs:
    wasval (0.1.2)
      ruby_wasm
      wasmtime

GEM
  remote: https://rubygems.org/
  specs:
    bigdecimal (4.1.2)
    date (3.5.1)
    debug (1.11.1)
      irb (~> 1.10)
      reline (>= 0.3.8)
    drb (2.2.3)
    erb (6.0.4)
    ffi (1.17.4-arm64-darwin)
    ffi (1.17.4-x86_64-linux-gnu)
    get_process_mem (1.0.0)
      bigdecimal (>= 2.0)
      ffi (~> 1.0)
    io-console (0.8.2)
    irb (1.18.0)
      pp (>= 0.6.0)
      prism (>= 1.3.0)
      rdoc (>= 4.0.0)
      reline (>= 0.4.2)
    irb-reload (0.1.3)
      irb (~> 1.13)
      watchcat (~> 0.5)
    logger (1.7.0)
    minitest (6.0.5)
      drb (~> 2.0)
      prism (~> 1.5)
    pp (0.6.3)
      prettyprint
    prettyprint (0.2.0)
    prism (1.9.0)
    psych (5.3.1)
      date
      stringio
    rake (13.4.2)
    rdoc (7.2.0)
      erb
      psych (>= 4.0.0)
      tsort
    reline (0.6.3)
      io-console (~> 0.5)
    ruby_wasm (2.9.4-arm64-darwin)
      logger
    ruby_wasm (2.9.4-x86_64-linux)
      logger
    stringio (3.2.0)
    tsort (0.2.0)
    wasmtime (43.0.1-arm64-darwin)
    wasmtime (43.0.1-x86_64-linux)
    watchcat (0.5.2-arm64-darwin)
      psych
    watchcat (0.5.2-x86_64-linux)
      psych

PLATFORMS
  arm64-darwin-23
  x86_64-linux

DEPENDENCIES
  debug
  get_process_mem
  irb
  irb-reload
  minitest
  rake (~> 13.0)
  wasval!

CHECKSUMS
  bigdecimal (4.1.2) sha256=53d217666027eab4280346fba98e7d5b66baaae1b9c3c1c0ffe89d48188a3fbd
  date (3.5.1) sha256=750d06384d7b9c15d562c76291407d89e368dda4d4fff957eb94962d325a0dc0
  debug (1.11.1) sha256=2e0b0ac6119f2207a6f8ac7d4a73ca8eb4e440f64da0a3136c30343146e952b6
  drb (2.2.3) sha256=0b00d6fdb50995fe4a45dea13663493c841112e4068656854646f418fda13373
  erb (6.0.4) sha256=38e3803694be357fe2bfe312487c74beaf9fb4e5beb3e22498952fe1645b95d9
  ffi (1.17.4-arm64-darwin) sha256=19071aaf1419251b0a46852abf960e77330a3b334d13a4ab51d58b31a937001b
  ffi (1.17.4-x86_64-linux-gnu) sha256=9d3db14c2eae074b382fa9c083fe95aec6e0a1451da249eab096c34002bc752d
  get_process_mem (1.0.0) sha256=d54024f3bcbf776a4d6e0155ec2b21bc3ba44e2fd158c4c00c80aa8a36e0b4aa
  io-console (0.8.2) sha256=d6e3ae7a7cc7574f4b8893b4fca2162e57a825b223a177b7afa236c5ef9814cc
  irb (1.18.0) sha256=de9454a0703a54704b9811a5ef31a60c86949fbf4013fcf244fabc7c775248e3
  irb-reload (0.1.3) sha256=2823382d1dddfe4e934bbee5f60f636bf3ce248b8037c26b52e5420fb1f66649
  logger (1.7.0) sha256=196edec7cc44b66cfb40f9755ce11b392f21f7967696af15d274dde7edff0203
  minitest (6.0.5) sha256=f007d7246bf4feea549502842cd7c6aba8851cdc9c90ba06de9c476c0d01155c
  pp (0.6.3) sha256=2951d514450b93ccfeb1df7d021cae0da16e0a7f95ee1e2273719669d0ab9df6
  prettyprint (0.2.0) sha256=2bc9e15581a94742064a3cc8b0fb9d45aae3d03a1baa6ef80922627a0766f193
  prism (1.9.0) sha256=7b530c6a9f92c24300014919c9dcbc055bf4cdf51ec30aed099b06cd6674ef85
  psych (5.3.1) sha256=eb7a57cef10c9d70173ff74e739d843ac3b2c019a003de48447b2963d81b1974
  rake (13.4.2) sha256=cb825b2bd5f1f8e91ca37bddb4b9aaf345551b4731da62949be002fa89283701
  rdoc (7.2.0) sha256=8650f76cd4009c3b54955eb5d7e3a075c60a57276766ebf36f9085e8c9f23192
  reline (0.6.3) sha256=1198b04973565b36ec0f11542ab3f5cfeeec34823f4e54cebde90968092b1835
  ruby_wasm (2.9.4-arm64-darwin) sha256=e124b2b68d26b9f8c29873e76e189d29584febce0031285176aca42cf313d05e
  ruby_wasm (2.9.4-x86_64-linux) sha256=0d5e19430745742c09f35167d58586ce68c7f124090c722b8e4f9c21b6adc943
  stringio (3.2.0) sha256=c37cb2e58b4ffbd33fe5cd948c05934af997b36e0b6ca6fdf43afa234cf222e1
  tsort (0.2.0) sha256=9650a793f6859a43b6641671278f79cfead60ac714148aabe4e3f0060480089f
  wasmtime (43.0.1-arm64-darwin) sha256=c18443bf593f0238629d7883dd9eb38bcdd1f02c6f8f7820b454e60c7058a31b
  wasmtime (43.0.1-x86_64-linux) sha256=248072c225b891bcc6eb399d8119059a0edcee842965b0b51727705e6cdd29d5
  wasval (0.1.2)
  watchcat (0.5.2-arm64-darwin) sha256=18e23cc82d8ba6a08db19d93e4b2c9dab80c105ecfa856ee0d2abb826fba840c
  watchcat (0.5.2-x86_64-linux) sha256=9cc71b6ffeba73b8865fbf0b1b3d7362d805272d41028f37074e92657b94e66f

BUNDLED WITH
  4.0.3
